
Microsoft Visual Studio Solution File, Format Version 12.00
# Visual Studio 2012
Project("{FAE04EC0-301F-11D3-BF4B-00C04F79EFBC}") = "YouVisio.Wpf.TimeTracker", "YouVisio.Wpf.TimeTracker\YouVisio.Wpf.TimeTracker.csproj", "{C58A802F-3868-42F6-81E7-DB64594C3853}"
EndProject
Project("{FAE04EC0-301F-11D3-BF4B-00C04F79EFBC}") = "YouVisio.Wpf.TimeTracker.Tests", "YouVisio.Wpf.TimeTracker.Tests\YouVisio.Wpf.TimeTracker.Tests.csproj", "{73057BC5-8AE1-4399-9291-E023D6F144D7}"
EndProject
Project("{2150E333-8FDC-42A3-9474-1A3956D46DE8}") = ".nuget", ".nuget", "{9A10A997-196D-4465-A398-065CE0659267}"
	ProjectSection(SolutionItems) = preProject
		.nuget\NuGet.Config = .nuget\NuGet.Config
		.nuget\NuGet.exe = .nuget\NuGet.exe
		.nuget\NuGet.targets = .nuget\NuGet.targets
	EndProjectSection
EndProject
Global
	GlobalSection(SolutionConfigurationPlatforms) = preSolution
		Debug|Any CPU = Debug|Any CPU
		Release|Any CPU = Release|Any CPU
	EndGlobalSection
	GlobalSection(ProjectConfigurationPlatforms) = postSolution
		{C58A802F-3868-42F6-81E7-DB64594C3853}.Debug|Any CPU.ActiveCfg = Debug|Any CPU
		{C58A802F-3868-42F6-81E7-DB64594C3853}.Debug|Any CPU.Build.0 = Debug|Any CPU
		{C58A802F-3868-42F6-81E7-DB64594C3853}.Release|Any CPU.ActiveCfg = Release|Any CPU
		{C58A802F-3868-42F6-81E7-DB64594C3853}.Release|Any CPU.Build.0 = Release|Any CPU
		{73057BC5-8AE1-4399-9291-E023D6F144D7}.Debug|Any CPU.ActiveCfg = Debug|Any CPU
		{73057BC5-8AE1-4399-9291-E023D6F144D7}.Debug|Any CPU.Build.0 = Debug|Any CPU
		{73057BC5-8AE1-4399-9291-E023D6F144D7}.Release|Any CPU.ActiveCfg = Release|Any CPU
		{73057BC5-8AE1-4399-9291-E023D6F144D7}.Release|Any CPU.Build.0 = Release|Any CPU
	EndGlobalSection
	GlobalSection(SolutionProperties) = preSolution
		HideSolutionNode = FALSE
	EndGlobalSection
EndGlobal
